
Microsoft Visual Studio Solution File, Format Version 12.00
# Visual Studio 15
VisualStudioVersion = 15.0.28307.136
MinimumVisualStudioVersion = 10.0.40219.1
Project("{FAE04EC0-301F-11D3-BF4B-00C04F79EFBC}") = "awesomeshopifyapp", "awesomeshopifyapp\awesomeshopifyapp.csproj", "{618FEC8E-27A6-4387-B1F3-87F94C15C667}"
EndProject
Global
	GlobalSection(SolutionConfigurationPlatforms) = preSolution
		Debug|Any CPU = Debug|Any CPU
		Release|Any CPU = Release|Any CPU
	EndGlobalSection
	GlobalSection(ProjectConfigurationPlatforms) = postSolution
		{618FEC8E-27A6-4387-B1F3-87F94C15C667}.Debug|Any CPU.ActiveCfg = Debug|Any CPU
		{618FEC8E-27A6-4387-B1F3-87F94C15C667}.Debug|Any CPU.Build.0 = Debug|Any CPU
		{618FEC8E-27A6-4387-B1F3-87F94C15C667}.Release|Any CPU.ActiveCfg = Release|Any CPU
		{618FEC8E-27A6-4387-B1F3-87F94C15C667}.Release|Any CPU.Build.0 = Release|Any CPU
	EndGlobalSection
	GlobalSection(SolutionProperties) = preSolution
		HideSolutionNode = FALSE
	EndGlobalSection
	GlobalSection(ExtensibilityGlobals) = postSolution
		SolutionGuid = {3D9C75E1-4406-4EE2-B159-B8F2C7160766}
	EndGlobalSection
EndGlobal
